
Microsoft Visual Studio Solution File, Format Version 12.00
# Visual Studio 2013
VisualStudioVersion = 12.0.30723.0
MinimumVisualStudioVersion = 10.0.40219.1
Project("{FAE04EC0-301F-11D3-BF4B-00C04F79EFBC}") = "FurnitureShop.AcceptanceTests", "FurnitureShop.AcceptanceTests\FurnitureShop.AcceptanceTests.csproj", "{AFAEFB59-67E3-4FB1-9900-3E583D054D71}"
EndProject
Project("{FAE04EC0-301F-11D3-BF4B-00C04F79EFBC}") = "FurnitureShop.UnitTests", "FurnitureShop.UnitTests\FurnitureShop.UnitTests.csproj", "{B8050E54-5C78-44C1-A78A-E4D80A13C6D5}"
EndProject
Project("{FAE04EC0-301F-11D3-BF4B-00C04F79EFBC}") = "FurnitureShop", "FurnitureShop\FurnitureShop.csproj", "{797E93FD-7215-468D-A62F-8251780528B5}"
EndProject
Project("{2150E333-8FDC-42A3-9474-1A3956D46DE8}") = "Tests", "Tests", "{84585F30-D057-4C74-AE74-995293B85A1F}"
EndProject
Project("{2150E333-8FDC-42A3-9474-1A3956D46DE8}") = "Solution Items", "Solution Items", "{FD3B341A-0878-42B0-A91E-095E75750C24}"
	ProjectSection(SolutionItems) = preProject
		Requirements.txt = Requirements.txt
	EndProjectSection
EndProject
Global
	GlobalSection(SolutionConfigurationPlatforms) = preSolution
		Debug|Any CPU = Debug|Any CPU
		Release|Any CPU = Release|Any CPU
	EndGlobalSection
	GlobalSection(ProjectConfigurationPlatforms) = postSolution
		{AFAEFB59-67E3-4FB1-9900-3E583D054D71}.Debug|Any CPU.ActiveCfg = Debug|Any CPU
		{AFAEFB59-67E3-4FB1-9900-3E583D054D71}.Debug|Any CPU.Build.0 = Debug|Any CPU
		{AFAEFB59-67E3-4FB1-9900-3E583D054D71}.Release|Any CPU.ActiveCfg = Release|Any CPU
		{AFAEFB59-67E3-4FB1-9900-3E583D054D71}.Release|Any CPU.Build.0 = Release|Any CPU
		{B8050E54-5C78-44C1-A78A-E4D80A13C6D5}.Debug|Any CPU.ActiveCfg = Debug|Any CPU
		{B8050E54-5C78-44C1-A78A-E4D80A13C6D5}.Debug|Any CPU.Build.0 = Debug|Any CPU
		{B8050E54-5C78-44C1-A78A-E4D80A13C6D5}.Release|Any CPU.ActiveCfg = Release|Any CPU
		{B8050E54-5C78-44C1-A78A-E4D80A13C6D5}.Release|Any CPU.Build.0 = Release|Any CPU
		{797E93FD-7215-468D-A62F-8251780528B5}.Debug|Any CPU.ActiveCfg = Debug|Any CPU
		{797E93FD-7215-468D-A62F-8251780528B5}.Debug|Any CPU.Build.0 = Debug|Any CPU
		{797E93FD-7215-468D-A62F-8251780528B5}.Release|Any CPU.ActiveCfg = Release|Any CPU
		{797E93FD-7215-468D-A62F-8251780528B5}.Release|Any CPU.Build.0 = Release|Any CPU
	EndGlobalSection
	GlobalSection(SolutionProperties) = preSolution
		HideSolutionNode = FALSE
	EndGlobalSection
	GlobalSection(NestedProjects) = preSolution
		{AFAEFB59-67E3-4FB1-9900-3E583D054D71} = {84585F30-D057-4C74-AE74-995293B85A1F}
		{B8050E54-5C78-44C1-A78A-E4D80A13C6D5} = {84585F30-D057-4C74-AE74-995293B85A1F}
	EndGlobalSection
EndGlobal
